// !$*UTF8*$!
{
	archiveVersion = 1;
	classes = {
	};
	objectVersion = 46;
	objects = {

/* Begin PBXBuildFile section */
		7589063E1CDA5E0500B84AAA /* AppDelegate.swift in Sources */ = {isa = PBXBuildFile; fileRef = 7589063D1CDA5E0500B84AAA /* AppDelegate.swift */; };
		758906451CDA5E0500B84AAA /* Assets.xcassets in Resources */ = {isa = PBXBuildFile; fileRef = 758906441CDA5E0500B84AAA /* Assets.xcassets */; };
		758906481CDA5E0500B84AAA /* LaunchScreen.storyboard in Resources */ = {isa = PBXBuildFile; fileRef = 758906461CDA5E0500B84AAA /* LaunchScreen.storyboard */; };
		758906531CDA5E0500B84AAA /* tapGameTests.swift in Sources */ = {isa = PBXBuildFile; fileRef = 758906521CDA5E0500B84AAA /* tapGameTests.swift */; };
		7589065E1CDA5E0500B84AAA /* tapGameUITests.swift in Sources */ = {isa = PBXBuildFile; fileRef = 7589065D1CDA5E0500B84AAA /* tapGameUITests.swift */; };
		758906711CDA882D00B84AAA /* Main.storyboard in Resources */ = {isa = PBXBuildFile; fileRef = 7589066F1CDA882D00B84AAA /* Main.storyboard */; };
		758906731CDA899200B84AAA /* ViewController.swift in Sources */ = {isa = PBXBuildFile; fileRef = 758906721CDA899200B84AAA /* ViewController.swift */; };
/* End PBXBuildFile section */

/* Begin PBXContainerItemProxy section */
		7589064F1CDA5E0500B84AAA /* PBXContainerItemProxy */ = {
			isa = PBXContainerItemProxy;
			containerPortal = 758906321CDA5E0500B84AAA /* Project object */;
			proxyType = 1;
			remoteGlobalIDString = 758906391CDA5E0500B84AAA;
			remoteInfo = tapGame;
		};
		7589065A1CDA5E0500B84AAA /* PBXContainerItemProxy */ = {
			isa = PBXContainerItemProxy;
			containerPortal = 758906321CDA5E0500B84AAA /* Project object */;
			proxyType = 1;
			remoteGlobalIDString = 758906391CDA5E0500B84AAA;
			remoteInfo = tapGame;
		};
/* End PBXContainerItemProxy section */

/* Begin PBXFileReference section */
		7589063A1CDA5E0500B84AAA /* tapGame.app */ = {isa = PBXFileReference; explicitFileType = wrapper.application; includeInIndex = 0; path = tapGame.app; sourceTree = BUILT_PRODUCTS_DIR; };
		7589063D1CDA5E0500B84AAA /* AppDelegate.swift */ = {isa = PBXFileReference; lastKnownFileType = sourcecode.swift; path = AppDelegate.swift; sourceTree = "<group>"; };
		758906441CDA5E0500B84AAA /* Assets.xcassets */ = {isa = PBXFileReference; lastKnownFileType = folder.assetcatalog; path = Assets.xcassets; sourceTree = "<group>"; };
		758906471CDA5E0500B84AAA /* Base */ = {isa = PBXFileReference; lastKnownFileType = file.storyboard; name = Base; path = Base.lproj/LaunchScreen.storyboard; sourceTree = "<group>"; };
		758906491CDA5E0500B84AAA /* Info.plist */ = {isa = PBXFileReference; lastKnownFileType = text.plist.xml; path = Info.plist; sourceTree = "<group>"; };
		7589064E1CDA5E0500B84AAA /* tapGameTests.xctest */ = {isa = PBXFileReference; explicitFileType = wrapper.cfbundle; includeInIndex = 0; path = tapGameTests.xctest; sourceTree = BUILT_PRODUCTS_DIR; };
		758906521CDA5E0500B84AAA /* tapGameTests.swift */ = {isa = PBXFileReference; lastKnownFileType = sourcecode.swift; path = tapGameTests.swift; sourceTree = "<group>"; };
		758906541CDA5E0500B84AAA /* Info.plist */ = {isa = PBXFileReference; lastKnownFileType = text.plist.xml; path = Info.plist; sourceTree = "<group>"; };
		758906591CDA5E0500B84AAA /* tapGameUITests.xctest */ = {isa = PBXFileReference; explicitFileType = wrapper.cfbundle; includeInIndex = 0; path = tapGameUITests.xctest; sourceTree = BUILT_PRODUCTS_DIR; };
		7589065D1CDA5E0500B84AAA /* tapGameUITests.swift */ = {isa = PBXFileReference; lastKnownFileType = sourcecode.swift; path = tapGameUITests.swift; sourceTree = "<group>"; };
		7589065F1CDA5E0500B84AAA /* Info.plist */ = {isa = PBXFileReference; lastKnownFileType = text.plist.xml; path = Info.plist; sourceTree = "<group>"; };
		758906701CDA882D00B84AAA /* Base */ = {isa = PBXFileReference; lastKnownFileType = file.storyboard; name = Base; path = Base.lproj/Main.storyboard; sourceTree = "<group>"; };
		758906721CDA899200B84AAA /* ViewController.swift */ = {isa = PBXFileReference; fileEncoding = 4; lastKnownFileType = sourcecode.swift; path = ViewController.swift; sourceTree = "<group>"; };
/* End PBXFileReference section */

/* Begin PBXFrameworksBuildPhase section */
		758906371CDA5E0500B84AAA /* Frameworks */ = {
			isa = PBXFrameworksBuildPhase;
			buildActionMask = 2147483647;
			files = (
			);
			runOnlyForDeploymentPostprocessing = 0;
		};
		7589064B1CDA5E0500B84AAA /* Frameworks */ = {
			isa = PBXFrameworksBuildPhase;
			buildActionMask = 2147483647;
			files = (
			);
			runOnlyForDeploymentPostprocessing = 0;
		};
		758906561CDA5E0500B84AAA /* Frameworks */ = {
			isa = PBXFrameworksBuildPhase;
			buildActionMask = 2147483647;
			files = (
			);
			runOnlyForDeploymentPostprocessing = 0;
		};
/* End PBXFrameworksBuildPhase section */

/* Begin PBXGroup section */
		758906311CDA5E0500B84AAA = {
			isa = PBXGroup;
			children = (
				7589063C1CDA5E0500B84AAA /* tapGame */,
				758906511CDA5E0500B84AAA /* tapGameTests */,
				7589065C1CDA5E0500B84AAA /* tapGameUITests */,
				7589063B1CDA5E0500B84AAA /* Products */,
			);
			sourceTree = "<group>";
		};
		7589063B1CDA5E0500B84AAA /* Products */ = {
			isa = PBXGroup;
			children = (
				7589063A1CDA5E0500B84AAA /* tapGame.app */,
				7589064E1CDA5E0500B84AAA /* tapGameTests.xctest */,
				758906591CDA5E0500B84AAA /* tapGameUITests.xctest */,
			);
			name = Products;
			sourceTree = "<group>";
		};
		7589063C1CDA5E0500B84AAA /* tapGame */ = {
			isa = PBXGroup;
			children = (
				7589063D1CDA5E0500B84AAA /* AppDelegate.swift */,
				7589066F1CDA882D00B84AAA /* Main.storyboard */,
				758906721CDA899200B84AAA /* ViewController.swift */,
				758906441CDA5E0500B84AAA /* Assets.xcassets */,
				758906461CDA5E0500B84AAA /* LaunchScreen.storyboard */,
				758906491CDA5E0500B84AAA /* Info.plist */,
			);
			path = tapGame;
			sourceTree = "<group>";
		};
		758906511CDA5E0500B84AAA /* tapGameTests */ = {
			isa = PBXGroup;
			children = (
				758906521CDA5E0500B84AAA /* tapGameTests.swift */,
				758906541CDA5E0500B84AAA /* Info.plist */,
			);
			path = tapGameTests;
			sourceTree = "<group>";
		};
		7589065C1CDA5E0500B84AAA /* tapGameUITests */ = {
			isa = PBXGroup;
			children = (
				7589065D1CDA5E0500B84AAA /* tapGameUITests.swift */,
				7589065F1CDA5E0500B84AAA /* Info.plist */,
			);
			path = tapGameUITests;
			sourceTree = "<group>";
		};
/* End PBXGroup section */

/* Begin PBXNativeTarget section */
		758906391CDA5E0500B84AAA /* tapGame */ = {
			isa = PBXNativeTarget;
			buildConfigurationList = 758906621CDA5E0500B84AAA /* Build configuration list for PBXNativeTarget "tapGame" */;
			buildPhases = (
				758906361CDA5E0500B84AAA /* Sources */,
				758906371CDA5E0500B84AAA /* Frameworks */,
				758906381CDA5E0500B84AAA /* Resources */,
			);
			buildRules = (
			);
			dependencies = (
			);
			name = tapGame;
			productName = tapGame;
			productReference = 7589063A1CDA5E0500B84AAA /* tapGame.app */;
			productType = "com.apple.product-type.application";
		};
		7589064D1CDA5E0500B84AAA /* tapGameTests */ = {
			isa = PBXNativeTarget;
			buildConfigurationList = 758906651CDA5E0500B84AAA /* Build configuration list for PBXNativeTarget "tapGameTests" */;
			buildPhases = (
				7589064A1CDA5E0500B84AAA /* Sources */,
				7589064B1CDA5E0500B84AAA /* Frameworks */,
				7589064C1CDA5E0500B84AAA /* Resources */,
			);
			buildRules = (
			);
			dependencies = (
				758906501CDA5E0500B84AAA /* PBXTargetDependency */,
			);
			name = tapGameTests;
			productName = tapGameTests;
			productReference = 7589064E1CDA5E0500B84AAA /* tapGameTests.xctest */;
			productType = "com.apple.product-type.bundle.unit-test";
		};
		758906581CDA5E0500B84AAA /* tapGameUITests */ = {
			isa = PBXNativeTarget;
			buildConfigurationList = 758906681CDA5E0500B84AAA /* Build configuration list for PBXNativeTarget "tapGameUITests" */;
			buildPhases = (
				758906551CDA5E0500B84AAA /* Sources */,
				758906561CDA5E0500B84AAA /* Frameworks */,
				758906571CDA5E0500B84AAA /* Resources */,
			);
			buildRules = (
			);
			dependencies = (
				7589065B1CDA5E0500B84AAA /* PBXTargetDependency */,
			);
			name = tapGameUITests;
			productName = tapGameUITests;
			productReference = 758906591CDA5E0500B84AAA /* tapGameUITests.xctest */;
			productType = "com.apple.product-type.bundle.ui-testing";
		};
/* End PBXNativeTarget section */

/* Begin PBXProject section */
		758906321CDA5E0500B84AAA /* Project object */ = {
			isa = PBXProject;
			attributes = {
				LastSwiftUpdateCheck = 0730;
				LastUpgradeCheck = 0730;
				ORGANIZATIONNAME = "Nicholas Drazenovic";
				TargetAttributes = {
					758906391CDA5E0500B84AAA = {
						CreatedOnToolsVersion = 7.3.1;
					};
					7589064D1CDA5E0500B84AAA = {
						CreatedOnToolsVersion = 7.3.1;
						TestTargetID = 758906391CDA5E0500B84AAA;
					};
					758906581CDA5E0500B84AAA = {
						CreatedOnToolsVersion = 7.3.1;
						TestTargetID = 758906391CDA5E0500B84AAA;
					};
				};
			};
			buildConfigurationList = 758906351CDA5E0500B84AAA /* Build configuration list for PBXProject "tapGame" */;
			compatibilityVersion = "Xcode 3.2";
			developmentRegion = English;
			hasScannedForEncodings = 0;
			knownRegions = (
				en,
				Base,
			);
			mainGroup = 758906311CDA5E0500B84AAA;
			productRefGroup = 7589063B1CDA5E0500B84AAA /* Products */;
			projectDirPath = "";
			projectRoot = "";
			targets = (
				758906391CDA5E0500B84AAA /* tapGame */,
				7589064D1CDA5E0500B84AAA /* tapGameTests */,
				758906581CDA5E0500B84AAA /* tapGameUITests */,
			);
		};
/* End PBXProject section */

/* Begin PBXResourcesBuildPhase section */
		758906381CDA5E0500B84AAA /* Resources */ = {
			isa = PBXResourcesBuildPhase;
			buildActionMask = 2147483647;
			files = (
				758906711CDA882D00B84AAA /* Main.storyboard in Resources */,
				758906481CDA5E0500B84AAA /* LaunchScreen.storyboard in Resources */,
				758906451CDA5E0500B84AAA /* Assets.xcassets in Resources */,
			);
			runOnlyForDeploymentPostprocessing = 0;
		};
		7589064C1CDA5E0500B84AAA /* Resources */ = {
			isa = PBXResourcesBuildPhase;
			buildActionMask = 2147483647;
			files = (
			);
			runOnlyForDeploymentPostprocessing = 0;
		};
		758906571CDA5E0500B84AAA /* Resources */ = {
			isa = PBXResourcesBuildPhase;
			buildActionMask = 2147483647;
			files = (
			);
			runOnlyForDeploymentPostprocessing = 0;
		};
/* End PBXResourcesBuildPhase section */

/* Begin PBXSourcesBuildPhase section */
		758906361CDA5E0500B84AAA /* Sources */ = {
			isa = PBXSourcesBuildPhase;
			buildActionMask = 2147483647;
			files = (
				758906731CDA899200B84AAA /* ViewController.swift in Sources */,
				7589063E1CDA5E0500B84AAA /* AppDelegate.swift in Sources */,
			);
			runOnlyForDeploymentPostprocessing = 0;
		};
		7589064A1CDA5E0500B84AAA /* Sources */ = {
			isa = PBXSourcesBuildPhase;
			buildActionMask = 2147483647;
			files = (
				758906531CDA5E0500B84AAA /* tapGameTests.swift in Sources */,
			);
			runOnlyForDeploymentPostprocessing = 0;
		};
		758906551CDA5E0500B84AAA /* Sources */ = {
			isa = PBXSourcesBuildPhase;
			buildActionMask = 2147483647;
			files = (
				7589065E1CDA5E0500B84AAA /* tapGameUITests.swift in Sources */,
			);
			runOnlyForDeploymentPostprocessing = 0;
		};
/* End PBXSourcesBuildPhase section */

/* Begin PBXTargetDependency section */
		758906501CDA5E0500B84AAA /* PBXTargetDependency */ = {
			isa = PBXTargetDependency;
			target = 758906391CDA5E0500B84AAA /* tapGame */;
			targetProxy = 7589064F1CDA5E0500B84AAA /* PBXContainerItemProxy */;
		};
		7589065B1CDA5E0500B84AAA /* PBXTargetDependency */ = {
			isa = PBXTargetDependency;
			target = 758906391CDA5E0500B84AAA /* tapGame */;
			targetProxy = 7589065A1CDA5E0500B84AAA /* PBXContainerItemProxy */;
		};
/* End PBXTargetDependency section */

/* Begin PBXVariantGroup section */
		758906461CDA5E0500B84AAA /* LaunchScreen.storyboard */ = {
			isa = PBXVariantGroup;
			children = (
				758906471CDA5E0500B84AAA /* Base */,
			);
			name = LaunchScreen.storyboard;
			sourceTree = "<group>";
		};
		7589066F1CDA882D00B84AAA /* Main.storyboard */ = {
			isa = PBXVariantGroup;
			children = (
				758906701CDA882D00B84AAA /* Base */,
			);
			name = Main.storyboard;
			sourceTree = "<group>";
		};
/* End PBXVariantGroup section */

/* Begin XCBuildConfiguration section */
		758906601CDA5E0500B84AAA /* Debug */ = {
			isa = XCBuildConfiguration;
			buildSettings = {
				ALWAYS_SEARCH_USER_PATHS = NO;
				CLANG_ANALYZER_NONNULL = YES;
				CLANG_CXX_LANGUAGE_STANDARD = "gnu++0x";
				CLANG_CXX_LIBRARY = "libc++";
				CLANG_ENABLE_MODULES = YES;
				CLANG_ENABLE_OBJC_ARC = YES;
				CLANG_WARN_BOOL_CONVERSION = YES;
				CLANG_WARN_CONSTANT_CONVERSION = YES;
				CLANG_WARN_DIRECT_OBJC_ISA_USAGE = YES_ERROR;
				CLANG_WARN_EMPTY_BODY = YES;
				CLANG_WARN_ENUM_CONVERSION = YES;
				CLANG_WARN_INT_CONVERSION = YES;
				CLANG_WARN_OBJC_ROOT_CLASS = YES_ERROR;
				CLANG_WARN_UNREACHABLE_CODE = YES;
				CLANG_WARN__DUPLICATE_METHOD_MATCH = YES;
				"CODE_SIGN_IDENTITY[sdk=iphoneos*]" = "iPhone Developer";
				COPY_PHASE_STRIP = NO;
				DEBUG_INFORMATION_FORMAT = dwarf;
				ENABLE_STRICT_OBJC_MSGSEND = YES;
				ENABLE_TESTABILITY = YES;
				GCC_C_LANGUAGE_STANDARD = gnu99;
				GCC_DYNAMIC_NO_PIC = NO;
				GCC_NO_COMMON_BLOCKS = YES;
				GCC_OPTIMIZATION_LEVEL = 0;
				GCC_PREPROCESSOR_DEFINITIONS = (
					"DEBUG=1",
					"$(inherited)",
				);
				GCC_WARN_64_TO_32_BIT_CONVERSION = YES;
				GCC_WARN_ABOUT_RETURN_TYPE = YES_ERROR;
				GCC_WARN_UNDECLARED_SELECTOR = YES;
				GCC_WARN_UNINITIALIZED_AUTOS = YES_AGGRESSIVE;
				GCC_WARN_UNUSED_FUNCTION = YES;
				GCC_WARN_UNUSED_VARIABLE = YES;
				IPHONEOS_DEPLOYMENT_TARGET = 9.3;
				MTL_ENABLE_DEBUG_INFO = YES;
				ONLY_ACTIVE_ARCH = YES;
				SDKROOT = iphoneos;
				SWIFT_OPTIMIZATION_LEVEL = "-Onone";
				TARGETED_DEVICE_FAMILY = "1,2";
			};
			name = Debug;
		};
		758906611CDA5E0500B84AAA /* Release */ = {
			isa = XCBuildConfiguration;
			buildSettings = {
				ALWAYS_SEARCH_USER_PATHS = NO;
				CLANG_ANALYZER_NONNULL = YES;
				CLANG_CXX_LANGUAGE_STANDARD = "gnu++0x";
				CLANG_CXX_LIBRARY = "libc++";
				CLANG_ENABLE_MODULES = YES;
				CLANG_ENABLE_OBJC_ARC = YES;
				CLANG_WARN_BOOL_CONVERSION = YES;
				CLANG_WARN_CONSTANT_CONVERSION = YES;
				CLANG_WARN_DIRECT_OBJC_ISA_USAGE = YES_ERROR;
				CLANG_WARN_EMPTY_BODY = YES;
				CLANG_WARN_ENUM_CONVERSION = YES;
				CLANG_WARN_INT_CONVERSION = YES;
				CLANG_WARN_OBJC_ROOT_CLASS = YES_ERROR;
				CLANG_WARN_UNREACHABLE_CODE = YES;
				CLANG_WARN__DUPLICATE_METHOD_MATCH = YES;
				"CODE_SIGN_IDENTITY[sdk=iphoneos*]" = "iPhone Developer";
				COPY_PHASE_STRIP = NO;
				DEBUG_INFORMATION_FORMAT = "dwarf-with-dsym";
				ENABLE_NS_ASSERTIONS = NO;
				ENABLE_STRICT_OBJC_MSGSEND = YES;
				GCC_C_LANGUAGE_STANDARD = gnu99;
				GCC_NO_COMMON_BLOCKS = YES;
				GCC_WARN_64_TO_32_BIT_CONVERSION = YES;
				GCC_WARN_ABOUT_RETURN_TYPE = YES_ERROR;
				GCC_WARN_UNDECLARED_SELECTOR = YES;
				GCC_WARN_UNINITIALIZED_AUTOS = YES_AGGRESSIVE;
				GCC_WARN_UNUSED_FUNCTION = YES;
				GCC_WARN_UNUSED_VARIABLE = YES;
				IPHONEOS_DEPLOYMENT_TARGET = 9.3;
				MTL_ENABLE_DEBUG_INFO = NO;
				SDKROOT = iphoneos;
				TARGETED_DEVICE_FAMILY = "1,2";
				VALIDATE_PRODUCT = YES;
			};
			name = Release;
		};
		758906631CDA5E0500B84AAA /* Debug */ = {
			isa = XCBuildConfiguration;
			buildSettings = {
				ASSETCATALOG_COMPILER_APPICON_NAME = AppIcon;
				INFOPLIST_FILE = tapGame/Info.plist;
				LD_RUNPATH_SEARCH_PATHS = "$(inherited) @executable_path/Frameworks";
				PRODUCT_BUNDLE_IDENTIFIER = njdrazenovic.tapGame;
				PRODUCT_NAME = "$(TARGET_NAME)";
			};
			name = Debug;
		};
		758906641CDA5E0500B84AAA /* Release */ = {
			isa = XCBuildConfiguration;
			buildSettings = {
				ASSETCATALOG_COMPILER_APPICON_NAME = AppIcon;
				INFOPLIST_FILE = tapGame/Info.plist;
				LD_RUNPATH_SEARCH_PATHS = "$(inherited) @executable_path/Frameworks";
				PRODUCT_BUNDLE_IDENTIFIER = njdrazenovic.tapGame;
				PRODUCT_NAME = "$(TARGET_NAME)";
			};
			name = Release;
		};
		758906661CDA5E0500B84AAA /* Debug */ = {
			isa = XCBuildConfiguration;
			buildSettings = {
				BUNDLE_LOADER = "$(TEST_HOST)";
				INFOPLIST_FILE = tapGameTests/Info.plist;
				LD_RUNPATH_SEARCH_PATHS = "$(inherited) @executable_path/Frameworks @loader_path/Frameworks";
				PRODUCT_BUNDLE_IDENTIFIER = njdrazenovic.tapGameTests;
				PRODUCT_NAME = "$(TARGET_NAME)";
				TEST_HOST = "$(BUILT_PRODUCTS_DIR)/tapGame.app/tapGame";
			};
			name = Debug;
		};
		758906671CDA5E0500B84AAA /* Release */ = {
			isa = XCBuildConfiguration;
			buildSettings = {
				BUNDLE_LOADER = "$(TEST_HOST)";
				INFOPLIST_FILE = tapGameTests/Info.plist;
				LD_RUNPATH_SEARCH_PATHS = "$(inherited) @executable_path/Frameworks @loader_path/Frameworks";
				PRODUCT_BUNDLE_IDENTIFIER = njdrazenovic.tapGameTests;
				PRODUCT_NAME = "$(TARGET_NAME)";
				TEST_HOST = "$(BUILT_PRODUCTS_DIR)/tapGame.app/tapGame";
			};
			name = Release;
		};
		758906691CDA5E0500B84AAA /* Debug */ = {
			isa = XCBuildConfiguration;
			buildSettings = {
				INFOPLIST_FILE = tapGameUITests/Info.plist;
				LD_RUNPATH_SEARCH_PATHS = "$(inherited) @executable_path/Frameworks @loader_path/Frameworks";
				PRODUCT_BUNDLE_IDENTIFIER = njdrazenovic.tapGameUITests;
				PRODUCT_NAME = "$(TARGET_NAME)";
				TEST_TARGET_NAME = tapGame;
			};
			name = Debug;
		};
		7589066A1CDA5E0500B84AAA /* Release */ = {
			isa = XCBuildConfiguration;
			buildSettings = {
				INFOPLIST_FILE = tapGameUITests/Info.plist;
				LD_RUNPATH_SEARCH_PATHS = "$(inherited) @executable_path/Frameworks @loader_path/Frameworks";
				PRODUCT_BUNDLE_IDENTIFIER = njdrazenovic.tapGameUITests;
				PRODUCT_NAME = "$(TARGET_NAME)";
				TEST_TARGET_NAME = tapGame;
			};
			name = Release;
		};
/* End XCBuildConfiguration section */

/* Begin XCConfigurationList section */
		758906351CDA5E0500B84AAA /* Build configuration list for PBXProject "tapGame" */ = {
			isa = XCConfigurationList;
			buildConfigurations = (
				758906601CDA5E0500B84AAA /* Debug */,
				758906611CDA5E0500B84AAA /* Release */,
			);
			defaultConfigurationIsVisible = 0;
			defaultConfigurationName = Release;
		};
		758906621CDA5E0500B84AAA /* Build configuration list for PBXNativeTarget "tapGame" */ = {
			isa = XCConfigurationList;
			buildConfigurations = (
				758906631CDA5E0500B84AAA /* Debug */,
				758906641CDA5E0500B84AAA /* Release */,
			);
			defaultConfigurationIsVisible = 0;
			defaultConfigurationName = Release;
		};
		758906651CDA5E0500B84AAA /* Build configuration list for PBXNativeTarget "tapGameTests" */ = {
			isa = XCConfigurationList;
			buildConfigurations = (
				758906661CDA5E0500B84AAA /* Debug */,
				758906671CDA5E0500B84AAA /* Release */,
			);
			defaultConfigurationIsVisible = 0;
			defaultConfigurationName = Release;
		};
		758906681CDA5E0500B84AAA /* Build configuration list for PBXNativeTarget "tapGameUITests" */ = {
			isa = XCConfigurationList;
			buildConfigurations = (
				758906691CDA5E0500B84AAA /* Debug */,
				7589066A1CDA5E0500B84AAA /* Release */,
			);
			defaultConfigurationIsVisible = 0;
			defaultConfigurationName = Release;
		};
/* End XCConfigurationList section */
	};
	rootObject = 758906321CDA5E0500B84AAA /* Project object */;
}
